
Microsoft Visual Studio Solution File, Format Version 12.00
# Visual Studio Version 17
VisualStudioVersion = 17.0.32014.148
MinimumVisualStudioVersion = 10.0.40219.1
Project("{FAE04EC0-301F-11D3-BF4B-00C04F79EFBC}") = "OOPFinalProject", "OOPFinalProject\OOPFinalProject.csproj", "{F45C82A8-F1C5-4DD4-8D46-CE50E8AE11F6}"
EndProject
Project("{FAE04EC0-301F-11D3-BF4B-00C04F79EFBC}") = "BookLIB", "BookID\BookLIB.csproj", "{0846C737-2ABC-4580-BE8E-22AFF964C2F7}"
EndProject
Project("{FAE04EC0-301F-11D3-BF4B-00C04F79EFBC}") = "UnitTestProject2", "UnitTestProject2\UnitTestProject2.csproj", "{F420007A-28B3-4422-86B5-C650FC030AD8}"
EndProject
Global
	GlobalSection(SolutionConfigurationPlatforms) = preSolution
		Debug|Any CPU = Debug|Any CPU
		Release|Any CPU = Release|Any CPU
	EndGlobalSection
	GlobalSection(ProjectConfigurationPlatforms) = postSolution
		{F45C82A8-F1C5-4DD4-8D46-CE50E8AE11F6}.Debug|Any CPU.ActiveCfg = Debug|Any CPU
		{F45C82A8-F1C5-4DD4-8D46-CE50E8AE11F6}.Debug|Any CPU.Build.0 = Debug|Any CPU
		{F45C82A8-F1C5-4DD4-8D46-CE50E8AE11F6}.Release|Any CPU.ActiveCfg = Release|Any CPU
		{F45C82A8-F1C5-4DD4-8D46-CE50E8AE11F6}.Release|Any CPU.Build.0 = Release|Any CPU
		{0846C737-2ABC-4580-BE8E-22AFF964C2F7}.Debug|Any CPU.ActiveCfg = Debug|Any CPU
		{0846C737-2ABC-4580-BE8E-22AFF964C2F7}.Debug|Any CPU.Build.0 = Debug|Any CPU
		{0846C737-2ABC-4580-BE8E-22AFF964C2F7}.Release|Any CPU.ActiveCfg = Release|Any CPU
		{0846C737-2ABC-4580-BE8E-22AFF964C2F7}.Release|Any CPU.Build.0 = Release|Any CPU
		{F420007A-28B3-4422-86B5-C650FC030AD8}.Debug|Any CPU.ActiveCfg = Debug|Any CPU
		{F420007A-28B3-4422-86B5-C650FC030AD8}.Debug|Any CPU.Build.0 = Debug|Any CPU
		{F420007A-28B3-4422-86B5-C650FC030AD8}.Release|Any CPU.ActiveCfg = Release|Any CPU
		{F420007A-28B3-4422-86B5-C650FC030AD8}.Release|Any CPU.Build.0 = Release|Any CPU
	EndGlobalSection
	GlobalSection(SolutionProperties) = preSolution
		HideSolutionNode = FALSE
	EndGlobalSection
	GlobalSection(ExtensibilityGlobals) = postSolution
		SolutionGuid = {1A2910DE-862E-43FF-8CC4-B6156781F7C8}
	EndGlobalSection
EndGlobal
